
Microsoft Visual Studio Solution File, Format Version 12.00
# Visual Studio Version 17
VisualStudioVersion = 17.14.36908.2 d17.14
MinimumVisualStudioVersion = 10.0.40219.1
Project("{FAE04EC0-301F-11D3-BF4B-00C04F79EFBC}") = "SmartSheetLicenceApi", "SmartSheetLicenceApi.csproj", "{4C81A1D3-DD6A-4E2F-85D0-07BC3EBC57DB}"
EndProject
Global
	GlobalSection(SolutionConfigurationPlatforms) = preSolution
		Debug|Any CPU = Debug|Any CPU
		Release|Any CPU = Release|Any CPU
	EndGlobalSection
	GlobalSection(ProjectConfigurationPlatforms) = postSolution
		{4C81A1D3-DD6A-4E2F-85D0-07BC3EBC57DB}.Debug|Any CPU.ActiveCfg = Debug|Any CPU
		{4C81A1D3-DD6A-4E2F-85D0-07BC3EBC57DB}.Debug|Any CPU.Build.0 = Debug|Any CPU
		{4C81A1D3-DD6A-4E2F-85D0-07BC3EBC57DB}.Release|Any CPU.ActiveCfg = Release|Any CPU
		{4C81A1D3-DD6A-4E2F-85D0-07BC3EBC57DB}.Release|Any CPU.Build.0 = Release|Any CPU
	EndGlobalSection
	GlobalSection(SolutionProperties) = preSolution
		HideSolutionNode = FALSE
	EndGlobalSection
	GlobalSection(ExtensibilityGlobals) = postSolution
		SolutionGuid = {2B31F4B5-AF7F-405F-AFA4-9E684F1A98FB}
	EndGlobalSection
EndGlobal
